
Microsoft Visual Studio Solution File, Format Version 12.00
# Visual Studio 15
VisualStudioVersion = 15.0.27703.2035
MinimumVisualStudioVersion = 10.0.40219.1
Project("{FAE04EC0-301F-11D3-BF4B-00C04F79EFBC}") = "Univer", "Univer\Univer.csproj", "{FB60B54E-E251-4BD6-9C35-9009198D3C6F}"
EndProject
Global
	GlobalSection(SolutionConfigurationPlatforms) = preSolution
		Debug|Any CPU = Debug|Any CPU
		Release|Any CPU = Release|Any CPU
	EndGlobalSection
	GlobalSection(ProjectConfigurationPlatforms) = postSolution
		{FB60B54E-E251-4BD6-9C35-9009198D3C6F}.Debug|Any CPU.ActiveCfg = Debug|Any CPU
		{FB60B54E-E251-4BD6-9C35-9009198D3C6F}.Debug|Any CPU.Build.0 = Debug|Any CPU
		{FB60B54E-E251-4BD6-9C35-9009198D3C6F}.Release|Any CPU.ActiveCfg = Release|Any CPU
		{FB60B54E-E251-4BD6-9C35-9009198D3C6F}.Release|Any CPU.Build.0 = Release|Any CPU
	EndGlobalSection
	GlobalSection(SolutionProperties) = preSolution
		HideSolutionNode = FALSE
	EndGlobalSection
	GlobalSection(ExtensibilityGlobals) = postSolution
		SolutionGuid = {455E8F56-70DC-4BCF-A90C-7A72C01F28D6}
	EndGlobalSection
EndGlobal
